
Microsoft Visual Studio Solution File, Format Version 12.00
# Visual Studio Version 17
VisualStudioVersion = 17.2.32516.85
MinimumVisualStudioVersion = 10.0.40219.1
Project("{FAE04EC0-301F-11D3-BF4B-00C04F79EFBC}") = "firstMVCAPP", "firstMVCAPP.csproj", "{1E007133-E6C0-4A95-A7A5-E27B635D2900}"
EndProject
Global
	GlobalSection(SolutionConfigurationPlatforms) = preSolution
		Debug|Any CPU = Debug|Any CPU
		Release|Any CPU = Release|Any CPU
	EndGlobalSection
	GlobalSection(ProjectConfigurationPlatforms) = postSolution
		{1E007133-E6C0-4A95-A7A5-E27B635D2900}.Debug|Any CPU.ActiveCfg = Debug|Any CPU
		{1E007133-E6C0-4A95-A7A5-E27B635D2900}.Debug|Any CPU.Build.0 = Debug|Any CPU
		{1E007133-E6C0-4A95-A7A5-E27B635D2900}.Release|Any CPU.ActiveCfg = Release|Any CPU
		{1E007133-E6C0-4A95-A7A5-E27B635D2900}.Release|Any CPU.Build.0 = Release|Any CPU
	EndGlobalSection
	GlobalSection(SolutionProperties) = preSolution
		HideSolutionNode = FALSE
	EndGlobalSection
	GlobalSection(ExtensibilityGlobals) = postSolution
		SolutionGuid = {E34CB8E7-0EC7-42C9-8A2D-CAFA4D0B2063}
	EndGlobalSection
EndGlobal
